
Microsoft Visual Studio Solution File, Format Version 12.00
# Visual Studio Version 16
VisualStudioVersion = 16.0.29519.87
MinimumVisualStudioVersion = 10.0.40219.1
Project("{2150E333-8FDC-42A3-9474-1A3956D46DE8}") = "docs", "docs", "{B5D04556-F025-4957-8640-0AAE4E4C94B8}"
	ProjectSection(SolutionItems) = preProject
		CREATE Category table script.txt = CREATE Category table script.txt
		CREATE Product table script.txt = CREATE Product table script.txt
		EF Scaffold Command.txt = EF Scaffold Command.txt
		JSON Category Payloads.txt = JSON Category Payloads.txt
		JSON Product Payloads.txt = JSON Product Payloads.txt
		Swagger Url.txt = Swagger Url.txt
	EndProjectSection
EndProject
Project("{2150E333-8FDC-42A3-9474-1A3956D46DE8}") = "tests", "tests", "{A6ECBE89-C901-45CE-AB80-91CA5D027748}"
EndProject
Project("{9A19103F-16F7-4668-BE54-9A1E7A4F7556}") = "CleanArchitecture.FunctionalTests", "tests\CleanArchitecture.FunctionalTests\CleanArchitecture.FunctionalTests.csproj", "{B8DC0309-8BAB-4906-B63E-D7A56241F563}"
EndProject
Project("{9A19103F-16F7-4668-BE54-9A1E7A4F7556}") = "CleanArchitecture.IntegrationTests", "tests\CleanArchitecture.IntegrationTests\CleanArchitecture.IntegrationTests.csproj", "{C7E76C3F-7427-4827-9E57-59E6158E25A9}"
EndProject
Project("{2150E333-8FDC-42A3-9474-1A3956D46DE8}") = "src", "src", "{8FB46949-52AE-4E69-BCF7-6622E3885974}"
EndProject
Project("{9A19103F-16F7-4668-BE54-9A1E7A4F7556}") = "CleanArchitecture.Core", "src\CleanArchitecture.Core\CleanArchitecture.Core.csproj", "{B2EC5951-E5E7-4338-BB7C-DE746BB94376}"
EndProject
Project("{9A19103F-16F7-4668-BE54-9A1E7A4F7556}") = "CleanArchitecture.Infrastructure", "src\CleanArchitecture.Infrastructure\CleanArchitecture.Infrastructure.csproj", "{37392946-71FD-4BEC-9B21-A69E0CBEFD11}"
EndProject
Project("{9A19103F-16F7-4668-BE54-9A1E7A4F7556}") = "CleanArchitecture.Api", "src\CleanArchitecture.Api\CleanArchitecture.Api.csproj", "{E1384403-4C7D-434D-A8D8-E879CFA55546}"
EndProject
Project("{9A19103F-16F7-4668-BE54-9A1E7A4F7556}") = "CleanArchitecture.WebUI.Angular", "src\CleanArchitecture.WebUI.Angular\CleanArchitecture.WebUI.Angular.csproj", "{0C2870BE-9A48-4F3F-8BB0-360D3CEFB5F5}"
EndProject
Global
	GlobalSection(SolutionConfigurationPlatforms) = preSolution
		Debug|Any CPU = Debug|Any CPU
		Release|Any CPU = Release|Any CPU
	EndGlobalSection
	GlobalSection(ProjectConfigurationPlatforms) = postSolution
		{B8DC0309-8BAB-4906-B63E-D7A56241F563}.Debug|Any CPU.ActiveCfg = Debug|Any CPU
		{B8DC0309-8BAB-4906-B63E-D7A56241F563}.Debug|Any CPU.Build.0 = Debug|Any CPU
		{B8DC0309-8BAB-4906-B63E-D7A56241F563}.Release|Any CPU.ActiveCfg = Release|Any CPU
		{B8DC0309-8BAB-4906-B63E-D7A56241F563}.Release|Any CPU.Build.0 = Release|Any CPU
		{C7E76C3F-7427-4827-9E57-59E6158E25A9}.Debug|Any CPU.ActiveCfg = Debug|Any CPU
		{C7E76C3F-7427-4827-9E57-59E6158E25A9}.Debug|Any CPU.Build.0 = Debug|Any CPU
		{C7E76C3F-7427-4827-9E57-59E6158E25A9}.Release|Any CPU.ActiveCfg = Release|Any CPU
		{C7E76C3F-7427-4827-9E57-59E6158E25A9}.Release|Any CPU.Build.0 = Release|Any CPU
		{B2EC5951-E5E7-4338-BB7C-DE746BB94376}.Debug|Any CPU.ActiveCfg = Debug|Any CPU
		{B2EC5951-E5E7-4338-BB7C-DE746BB94376}.Debug|Any CPU.Build.0 = Debug|Any CPU
		{B2EC5951-E5E7-4338-BB7C-DE746BB94376}.Release|Any CPU.ActiveCfg = Release|Any CPU
		{B2EC5951-E5E7-4338-BB7C-DE746BB94376}.Release|Any CPU.Build.0 = Release|Any CPU
		{37392946-71FD-4BEC-9B21-A69E0CBEFD11}.Debug|Any CPU.ActiveCfg = Debug|Any CPU
		{37392946-71FD-4BEC-9B21-A69E0CBEFD11}.Debug|Any CPU.Build.0 = Debug|Any CPU
		{37392946-71FD-4BEC-9B21-A69E0CBEFD11}.Release|Any CPU.ActiveCfg = Release|Any CPU
		{37392946-71FD-4BEC-9B21-A69E0CBEFD11}.Release|Any CPU.Build.0 = Release|Any CPU
		{E1384403-4C7D-434D-A8D8-E879CFA55546}.Debug|Any CPU.ActiveCfg = Debug|Any CPU
		{E1384403-4C7D-434D-A8D8-E879CFA55546}.Debug|Any CPU.Build.0 = Debug|Any CPU
		{E1384403-4C7D-434D-A8D8-E879CFA55546}.Release|Any CPU.ActiveCfg = Release|Any CPU
		{E1384403-4C7D-434D-A8D8-E879CFA55546}.Release|Any CPU.Build.0 = Release|Any CPU
		{0C2870BE-9A48-4F3F-8BB0-360D3CEFB5F5}.Debug|Any CPU.ActiveCfg = Debug|Any CPU
		{0C2870BE-9A48-4F3F-8BB0-360D3CEFB5F5}.Debug|Any CPU.Build.0 = Debug|Any CPU
		{0C2870BE-9A48-4F3F-8BB0-360D3CEFB5F5}.Release|Any CPU.ActiveCfg = Release|Any CPU
		{0C2870BE-9A48-4F3F-8BB0-360D3CEFB5F5}.Release|Any CPU.Build.0 = Release|Any CPU
	EndGlobalSection
	GlobalSection(SolutionProperties) = preSolution
		HideSolutionNode = FALSE
	EndGlobalSection
	GlobalSection(NestedProjects) = preSolution
		{B8DC0309-8BAB-4906-B63E-D7A56241F563} = {A6ECBE89-C901-45CE-AB80-91CA5D027748}
		{C7E76C3F-7427-4827-9E57-59E6158E25A9} = {A6ECBE89-C901-45CE-AB80-91CA5D027748}
		{B2EC5951-E5E7-4338-BB7C-DE746BB94376} = {8FB46949-52AE-4E69-BCF7-6622E3885974}
		{37392946-71FD-4BEC-9B21-A69E0CBEFD11} = {8FB46949-52AE-4E69-BCF7-6622E3885974}
		{E1384403-4C7D-434D-A8D8-E879CFA55546} = {8FB46949-52AE-4E69-BCF7-6622E3885974}
		{0C2870BE-9A48-4F3F-8BB0-360D3CEFB5F5} = {8FB46949-52AE-4E69-BCF7-6622E3885974}
	EndGlobalSection
	GlobalSection(ExtensibilityGlobals) = postSolution
		SolutionGuid = {A217A356-D4FD-4B2B-98F9-14E59B5F7EFD}
	EndGlobalSection
EndGlobal
